
Microsoft Visual Studio Solution File, Format Version 12.00
# Visual Studio Version 17
VisualStudioVersion = 17.5.002.0
MinimumVisualStudioVersion = 10.0.40219.1
Project("{9A19103F-16F7-4668-BE54-9A1E7A4F7556}") = "testGit", "testGit.csproj", "{89A7FFC0-1A54-4FEE-9D00-4F4CC743EC4B}"
EndProject
Global
	GlobalSection(SolutionConfigurationPlatforms) = preSolution
		Debug|Any CPU = Debug|Any CPU
		Release|Any CPU = Release|Any CPU
	EndGlobalSection
	GlobalSection(ProjectConfigurationPlatforms) = postSolution
		{89A7FFC0-1A54-4FEE-9D00-4F4CC743EC4B}.Debug|Any CPU.ActiveCfg = Debug|Any CPU
		{89A7FFC0-1A54-4FEE-9D00-4F4CC743EC4B}.Debug|Any CPU.Build.0 = Debug|Any CPU
		{89A7FFC0-1A54-4FEE-9D00-4F4CC743EC4B}.Release|Any CPU.ActiveCfg = Release|Any CPU
		{89A7FFC0-1A54-4FEE-9D00-4F4CC743EC4B}.Release|Any CPU.Build.0 = Release|Any CPU
	EndGlobalSection
	GlobalSection(SolutionProperties) = preSolution
		HideSolutionNode = FALSE
	EndGlobalSection
	GlobalSection(ExtensibilityGlobals) = postSolution
		SolutionGuid = {BCC54075-17F8-4A5D-A20F-20350FF22E7C}
	EndGlobalSection
EndGlobal
